
Microsoft Visual Studio Solution File, Format Version 12.00
# Visual Studio 14
VisualStudioVersion = 14.0.23107.0
MinimumVisualStudioVersion = 10.0.40219.1
Project("{FAE04EC0-301F-11D3-BF4B-00C04F79EFBC}") = "Xamarin.FormsEx", "Xamarin.FormsEx\Xamarin.FormsEx.csproj", "{67F9D3A8-F71E-4428-913F-C37AE82CDB24}"
EndProject
Project("{FAE04EC0-301F-11D3-BF4B-00C04F79EFBC}") = "SampleApp", "SampleApp\SampleApp\SampleApp.csproj", "{AD7A05BA-05F3-4D16-92F5-E1C4889AB20A}"
EndProject
Project("{FAE04EC0-301F-11D3-BF4B-00C04F79EFBC}") = "SampleApp.WinPhone", "SampleApp\SampleApp.WinPhone\SampleApp.WinPhone.csproj", "{9E310D49-2CA9-4418-A607-4E5734A209A4}"
EndProject
Project("{2150E333-8FDC-42A3-9474-1A3956D46DE8}") = "Samples", "Samples", "{6D308D3A-F291-4720-9C14-10F851C2503F}"
EndProject
Global
	GlobalSection(SolutionConfigurationPlatforms) = preSolution
		Ad-Hoc|Any CPU = Ad-Hoc|Any CPU
		Ad-Hoc|ARM = Ad-Hoc|ARM
		Ad-Hoc|iPhone = Ad-Hoc|iPhone
		Ad-Hoc|iPhoneSimulator = Ad-Hoc|iPhoneSimulator
		Ad-Hoc|x86 = Ad-Hoc|x86
		AppStore|Any CPU = AppStore|Any CPU
		AppStore|ARM = AppStore|ARM
		AppStore|iPhone = AppStore|iPhone
		AppStore|iPhoneSimulator = AppStore|iPhoneSimulator
		AppStore|x86 = AppStore|x86
		Debug|Any CPU = Debug|Any CPU
		Debug|ARM = Debug|ARM
		Debug|iPhone = Debug|iPhone
		Debug|iPhoneSimulator = Debug|iPhoneSimulator
		Debug|x86 = Debug|x86
		Release|Any CPU = Release|Any CPU
		Release|ARM = Release|ARM
		Release|iPhone = Release|iPhone
		Release|iPhoneSimulator = Release|iPhoneSimulator
		Release|x86 = Release|x86
	EndGlobalSection
	GlobalSection(ProjectConfigurationPlatforms) = postSolution
		{67F9D3A8-F71E-4428-913F-C37AE82CDB24}.Ad-Hoc|Any CPU.ActiveCfg = Release|Any CPU
		{67F9D3A8-F71E-4428-913F-C37AE82CDB24}.Ad-Hoc|Any CPU.Build.0 = Release|Any CPU
		{67F9D3A8-F71E-4428-913F-C37AE82CDB24}.Ad-Hoc|ARM.ActiveCfg = Release|Any CPU
		{67F9D3A8-F71E-4428-913F-C37AE82CDB24}.Ad-Hoc|ARM.Build.0 = Release|Any CPU
		{67F9D3A8-F71E-4428-913F-C37AE82CDB24}.Ad-Hoc|iPhone.ActiveCfg = Release|Any CPU
		{67F9D3A8-F71E-4428-913F-C37AE82CDB24}.Ad-Hoc|iPhone.Build.0 = Release|Any CPU
		{67F9D3A8-F71E-4428-913F-C37AE82CDB24}.Ad-Hoc|iPhoneSimulator.ActiveCfg = Release|Any CPU
		{67F9D3A8-F71E-4428-913F-C37AE82CDB24}.Ad-Hoc|iPhoneSimulator.Build.0 = Release|Any CPU
		{67F9D3A8-F71E-4428-913F-C37AE82CDB24}.Ad-Hoc|x86.ActiveCfg = Release|Any CPU
		{67F9D3A8-F71E-4428-913F-C37AE82CDB24}.Ad-Hoc|x86.Build.0 = Release|Any CPU
		{67F9D3A8-F71E-4428-913F-C37AE82CDB24}.AppStore|Any CPU.ActiveCfg = Release|Any CPU
		{67F9D3A8-F71E-4428-913F-C37AE82CDB24}.AppStore|Any CPU.Build.0 = Release|Any CPU
		{67F9D3A8-F71E-4428-913F-C37AE82CDB24}.AppStore|ARM.ActiveCfg = Release|Any CPU
		{67F9D3A8-F71E-4428-913F-C37AE82CDB24}.AppStore|ARM.Build.0 = Release|Any CPU
		{67F9D3A8-F71E-4428-913F-C37AE82CDB24}.AppStore|iPhone.ActiveCfg = Release|Any CPU
		{67F9D3A8-F71E-4428-913F-C37AE82CDB24}.AppStore|iPhone.Build.0 = Release|Any CPU
		{67F9D3A8-F71E-4428-913F-C37AE82CDB24}.AppStore|iPhoneSimulator.ActiveCfg = Release|Any CPU
		{67F9D3A8-F71E-4428-913F-C37AE82CDB24}.AppStore|iPhoneSimulator.Build.0 = Release|Any CPU
		{67F9D3A8-F71E-4428-913F-C37AE82CDB24}.AppStore|x86.ActiveCfg = Release|Any CPU
		{67F9D3A8-F71E-4428-913F-C37AE82CDB24}.AppStore|x86.Build.0 = Release|Any CPU
		{67F9D3A8-F71E-4428-913F-C37AE82CDB24}.Debug|Any CPU.ActiveCfg = Debug|Any CPU
		{67F9D3A8-F71E-4428-913F-C37AE82CDB24}.Debug|Any CPU.Build.0 = Debug|Any CPU
		{67F9D3A8-F71E-4428-913F-C37AE82CDB24}.Debug|ARM.ActiveCfg = Debug|Any CPU
		{67F9D3A8-F71E-4428-913F-C37AE82CDB24}.Debug|ARM.Build.0 = Debug|Any CPU
		{67F9D3A8-F71E-4428-913F-C37AE82CDB24}.Debug|iPhone.ActiveCfg = Debug|Any CPU
		{67F9D3A8-F71E-4428-913F-C37AE82CDB24}.Debug|iPhone.Build.0 = Debug|Any CPU
		{67F9D3A8-F71E-4428-913F-C37AE82CDB24}.Debug|iPhoneSimulator.ActiveCfg = Debug|Any CPU
		{67F9D3A8-F71E-4428-913F-C37AE82CDB24}.Debug|iPhoneSimulator.Build.0 = Debug|Any CPU
		{67F9D3A8-F71E-4428-913F-C37AE82CDB24}.Debug|x86.ActiveCfg = Debug|Any CPU
		{67F9D3A8-F71E-4428-913F-C37AE82CDB24}.Debug|x86.Build.0 = Debug|Any CPU
		{67F9D3A8-F71E-4428-913F-C37AE82CDB24}.Release|Any CPU.ActiveCfg = Release|Any CPU
		{67F9D3A8-F71E-4428-913F-C37AE82CDB24}.Release|Any CPU.Build.0 = Release|Any CPU
		{67F9D3A8-F71E-4428-913F-C37AE82CDB24}.Release|ARM.ActiveCfg = Release|Any CPU
		{67F9D3A8-F71E-4428-913F-C37AE82CDB24}.Release|ARM.Build.0 = Release|Any CPU
		{67F9D3A8-F71E-4428-913F-C37AE82CDB24}.Release|iPhone.ActiveCfg = Release|Any CPU
		{67F9D3A8-F71E-4428-913F-C37AE82CDB24}.Release|iPhone.Build.0 = Release|Any CPU
		{67F9D3A8-F71E-4428-913F-C37AE82CDB24}.Release|iPhoneSimulator.ActiveCfg = Release|Any CPU
		{67F9D3A8-F71E-4428-913F-C37AE82CDB24}.Release|iPhoneSimulator.Build.0 = Release|Any CPU
		{67F9D3A8-F71E-4428-913F-C37AE82CDB24}.Release|x86.ActiveCfg = Release|Any CPU
		{67F9D3A8-F71E-4428-913F-C37AE82CDB24}.Release|x86.Build.0 = Release|Any CPU
		{AD7A05BA-05F3-4D16-92F5-E1C4889AB20A}.Ad-Hoc|Any CPU.ActiveCfg = Release|Any CPU
		{AD7A05BA-05F3-4D16-92F5-E1C4889AB20A}.Ad-Hoc|Any CPU.Build.0 = Release|Any CPU
		{AD7A05BA-05F3-4D16-92F5-E1C4889AB20A}.Ad-Hoc|ARM.ActiveCfg = Release|Any CPU
		{AD7A05BA-05F3-4D16-92F5-E1C4889AB20A}.Ad-Hoc|ARM.Build.0 = Release|Any CPU
		{AD7A05BA-05F3-4D16-92F5-E1C4889AB20A}.Ad-Hoc|iPhone.ActiveCfg = Release|Any CPU
		{AD7A05BA-05F3-4D16-92F5-E1C4889AB20A}.Ad-Hoc|iPhone.Build.0 = Release|Any CPU
		{AD7A05BA-05F3-4D16-92F5-E1C4889AB20A}.Ad-Hoc|iPhoneSimulator.ActiveCfg = Release|Any CPU
		{AD7A05BA-05F3-4D16-92F5-E1C4889AB20A}.Ad-Hoc|iPhoneSimulator.Build.0 = Release|Any CPU
		{AD7A05BA-05F3-4D16-92F5-E1C4889AB20A}.Ad-Hoc|x86.ActiveCfg = Release|Any CPU
		{AD7A05BA-05F3-4D16-92F5-E1C4889AB20A}.Ad-Hoc|x86.Build.0 = Release|Any CPU
		{AD7A05BA-05F3-4D16-92F5-E1C4889AB20A}.AppStore|Any CPU.ActiveCfg = Release|Any CPU
		{AD7A05BA-05F3-4D16-92F5-E1C4889AB20A}.AppStore|Any CPU.Build.0 = Release|Any CPU
		{AD7A05BA-05F3-4D16-92F5-E1C4889AB20A}.AppStore|ARM.ActiveCfg = Release|Any CPU
		{AD7A05BA-05F3-4D16-92F5-E1C4889AB20A}.AppStore|ARM.Build.0 = Release|Any CPU
		{AD7A05BA-05F3-4D16-92F5-E1C4889AB20A}.AppStore|iPhone.ActiveCfg = Release|Any CPU
		{AD7A05BA-05F3-4D16-92F5-E1C4889AB20A}.AppStore|iPhone.Build.0 = Release|Any CPU
		{AD7A05BA-05F3-4D16-92F5-E1C4889AB20A}.AppStore|iPhoneSimulator.ActiveCfg = Release|Any CPU
		{AD7A05BA-05F3-4D16-92F5-E1C4889AB20A}.AppStore|iPhoneSimulator.Build.0 = Release|Any CPU
		{AD7A05BA-05F3-4D16-92F5-E1C4889AB20A}.AppStore|x86.ActiveCfg = Release|Any CPU
		{AD7A05BA-05F3-4D16-92F5-E1C4889AB20A}.AppStore|x86.Build.0 = Release|Any CPU
		{AD7A05BA-05F3-4D16-92F5-E1C4889AB20A}.Debug|Any CPU.ActiveCfg = Debug|Any CPU
		{AD7A05BA-05F3-4D16-92F5-E1C4889AB20A}.Debug|Any CPU.Build.0 = Debug|Any CPU
		{AD7A05BA-05F3-4D16-92F5-E1C4889AB20A}.Debug|ARM.ActiveCfg = Debug|Any CPU
		{AD7A05BA-05F3-4D16-92F5-E1C4889AB20A}.Debug|ARM.Build.0 = Debug|Any CPU
		{AD7A05BA-05F3-4D16-92F5-E1C4889AB20A}.Debug|iPhone.ActiveCfg = Debug|Any CPU
		{AD7A05BA-05F3-4D16-92F5-E1C4889AB20A}.Debug|iPhone.Build.0 = Debug|Any CPU
		{AD7A05BA-05F3-4D16-92F5-E1C4889AB20A}.Debug|iPhoneSimulator.ActiveCfg = Debug|Any CPU
		{AD7A05BA-05F3-4D16-92F5-E1C4889AB20A}.Debug|iPhoneSimulator.Build.0 = Debug|Any CPU
		{AD7A05BA-05F3-4D16-92F5-E1C4889AB20A}.Debug|x86.ActiveCfg = Debug|Any CPU
		{AD7A05BA-05F3-4D16-92F5-E1C4889AB20A}.Debug|x86.Build.0 = Debug|Any CPU
		{AD7A05BA-05F3-4D16-92F5-E1C4889AB20A}.Release|Any CPU.ActiveCfg = Release|Any CPU
		{AD7A05BA-05F3-4D16-92F5-E1C4889AB20A}.Release|Any CPU.Build.0 = Release|Any CPU
		{AD7A05BA-05F3-4D16-92F5-E1C4889AB20A}.Release|ARM.ActiveCfg = Release|Any CPU
		{AD7A05BA-05F3-4D16-92F5-E1C4889AB20A}.Release|ARM.Build.0 = Release|Any CPU
		{AD7A05BA-05F3-4D16-92F5-E1C4889AB20A}.Release|iPhone.ActiveCfg = Release|Any CPU
		{AD7A05BA-05F3-4D16-92F5-E1C4889AB20A}.Release|iPhone.Build.0 = Release|Any CPU
		{AD7A05BA-05F3-4D16-92F5-E1C4889AB20A}.Release|iPhoneSimulator.ActiveCfg = Release|Any CPU
		{AD7A05BA-05F3-4D16-92F5-E1C4889AB20A}.Release|iPhoneSimulator.Build.0 = Release|Any CPU
		{AD7A05BA-05F3-4D16-92F5-E1C4889AB20A}.Release|x86.ActiveCfg = Release|Any CPU
		{AD7A05BA-05F3-4D16-92F5-E1C4889AB20A}.Release|x86.Build.0 = Release|Any CPU
		{9E310D49-2CA9-4418-A607-4E5734A209A4}.Ad-Hoc|Any CPU.ActiveCfg = Release|Any CPU
		{9E310D49-2CA9-4418-A607-4E5734A209A4}.Ad-Hoc|Any CPU.Build.0 = Release|Any CPU
		{9E310D49-2CA9-4418-A607-4E5734A209A4}.Ad-Hoc|Any CPU.Deploy.0 = Release|Any CPU
		{9E310D49-2CA9-4418-A607-4E5734A209A4}.Ad-Hoc|ARM.ActiveCfg = Release|ARM
		{9E310D49-2CA9-4418-A607-4E5734A209A4}.Ad-Hoc|ARM.Build.0 = Release|ARM
		{9E310D49-2CA9-4418-A607-4E5734A209A4}.Ad-Hoc|ARM.Deploy.0 = Release|ARM
		{9E310D49-2CA9-4418-A607-4E5734A209A4}.Ad-Hoc|iPhone.ActiveCfg = Release|Any CPU
		{9E310D49-2CA9-4418-A607-4E5734A209A4}.Ad-Hoc|iPhone.Build.0 = Release|Any CPU
		{9E310D49-2CA9-4418-A607-4E5734A209A4}.Ad-Hoc|iPhone.Deploy.0 = Release|Any CPU
		{9E310D49-2CA9-4418-A607-4E5734A209A4}.Ad-Hoc|iPhoneSimulator.ActiveCfg = Release|Any CPU
		{9E310D49-2CA9-4418-A607-4E5734A209A4}.Ad-Hoc|iPhoneSimulator.Build.0 = Release|Any CPU
		{9E310D49-2CA9-4418-A607-4E5734A209A4}.Ad-Hoc|iPhoneSimulator.Deploy.0 = Release|Any CPU
		{9E310D49-2CA9-4418-A607-4E5734A209A4}.Ad-Hoc|x86.ActiveCfg = Release|x86
		{9E310D49-2CA9-4418-A607-4E5734A209A4}.Ad-Hoc|x86.Build.0 = Release|x86
		{9E310D49-2CA9-4418-A607-4E5734A209A4}.Ad-Hoc|x86.Deploy.0 = Release|x86
		{9E310D49-2CA9-4418-A607-4E5734A209A4}.AppStore|Any CPU.ActiveCfg = Release|Any CPU
		{9E310D49-2CA9-4418-A607-4E5734A209A4}.AppStore|Any CPU.Build.0 = Release|Any CPU
		{9E310D49-2CA9-4418-A607-4E5734A209A4}.AppStore|Any CPU.Deploy.0 = Release|Any CPU
		{9E310D49-2CA9-4418-A607-4E5734A209A4}.AppStore|ARM.ActiveCfg = Release|ARM
		{9E310D49-2CA9-4418-A607-4E5734A209A4}.AppStore|ARM.Build.0 = Release|ARM
		{9E310D49-2CA9-4418-A607-4E5734A209A4}.AppStore|ARM.Deploy.0 = Release|ARM
		{9E310D49-2CA9-4418-A607-4E5734A209A4}.AppStore|iPhone.ActiveCfg = Release|Any CPU
		{9E310D49-2CA9-4418-A607-4E5734A209A4}.AppStore|iPhone.Build.0 = Release|Any CPU
		{9E310D49-2CA9-4418-A607-4E5734A209A4}.AppStore|iPhone.Deploy.0 = Release|Any CPU
		{9E310D49-2CA9-4418-A607-4E5734A209A4}.AppStore|iPhoneSimulator.ActiveCfg = Release|Any CPU
		{9E310D49-2CA9-4418-A607-4E5734A209A4}.AppStore|iPhoneSimulator.Build.0 = Release|Any CPU
		{9E310D49-2CA9-4418-A607-4E5734A209A4}.AppStore|iPhoneSimulator.Deploy.0 = Release|Any CPU
		{9E310D49-2CA9-4418-A607-4E5734A209A4}.AppStore|x86.ActiveCfg = Release|x86
		{9E310D49-2CA9-4418-A607-4E5734A209A4}.AppStore|x86.Build.0 = Release|x86
		{9E310D49-2CA9-4418-A607-4E5734A209A4}.AppStore|x86.Deploy.0 = Release|x86
		{9E310D49-2CA9-4418-A607-4E5734A209A4}.Debug|Any CPU.ActiveCfg = Debug|Any CPU
		{9E310D49-2CA9-4418-A607-4E5734A209A4}.Debug|Any CPU.Build.0 = Debug|Any CPU
		{9E310D49-2CA9-4418-A607-4E5734A209A4}.Debug|Any CPU.Deploy.0 = Debug|Any CPU
		{9E310D49-2CA9-4418-A607-4E5734A209A4}.Debug|ARM.ActiveCfg = Debug|ARM
		{9E310D49-2CA9-4418-A607-4E5734A209A4}.Debug|ARM.Build.0 = Debug|ARM
		{9E310D49-2CA9-4418-A607-4E5734A209A4}.Debug|ARM.Deploy.0 = Debug|ARM
		{9E310D49-2CA9-4418-A607-4E5734A209A4}.Debug|iPhone.ActiveCfg = Debug|Any CPU
		{9E310D49-2CA9-4418-A607-4E5734A209A4}.Debug|iPhone.Build.0 = Debug|Any CPU
		{9E310D49-2CA9-4418-A607-4E5734A209A4}.Debug|iPhone.Deploy.0 = Debug|Any CPU
		{9E310D49-2CA9-4418-A607-4E5734A209A4}.Debug|iPhoneSimulator.ActiveCfg = Debug|Any CPU
		{9E310D49-2CA9-4418-A607-4E5734A209A4}.Debug|iPhoneSimulator.Build.0 = Debug|Any CPU
		{9E310D49-2CA9-4418-A607-4E5734A209A4}.Debug|iPhoneSimulator.Deploy.0 = Debug|Any CPU
		{9E310D49-2CA9-4418-A607-4E5734A209A4}.Debug|x86.ActiveCfg = Debug|x86
		{9E310D49-2CA9-4418-A607-4E5734A209A4}.Debug|x86.Build.0 = Debug|x86
		{9E310D49-2CA9-4418-A607-4E5734A209A4}.Debug|x86.Deploy.0 = Debug|x86
		{9E310D49-2CA9-4418-A607-4E5734A209A4}.Release|Any CPU.ActiveCfg = Release|Any CPU
		{9E310D49-2CA9-4418-A607-4E5734A209A4}.Release|Any CPU.Build.0 = Release|Any CPU
		{9E310D49-2CA9-4418-A607-4E5734A209A4}.Release|Any CPU.Deploy.0 = Release|Any CPU
		{9E310D49-2CA9-4418-A607-4E5734A209A4}.Release|ARM.ActiveCfg = Release|ARM
		{9E310D49-2CA9-4418-A607-4E5734A209A4}.Release|ARM.Build.0 = Release|ARM
		{9E310D49-2CA9-4418-A607-4E5734A209A4}.Release|ARM.Deploy.0 = Release|ARM
		{9E310D49-2CA9-4418-A607-4E5734A209A4}.Release|iPhone.ActiveCfg = Release|Any CPU
		{9E310D49-2CA9-4418-A607-4E5734A209A4}.Release|iPhone.Build.0 = Release|Any CPU
		{9E310D49-2CA9-4418-A607-4E5734A209A4}.Release|iPhone.Deploy.0 = Release|Any CPU
		{9E310D49-2CA9-4418-A607-4E5734A209A4}.Release|iPhoneSimulator.ActiveCfg = Release|Any CPU
		{9E310D49-2CA9-4418-A607-4E5734A209A4}.Release|iPhoneSimulator.Build.0 = Release|Any CPU
		{9E310D49-2CA9-4418-A607-4E5734A209A4}.Release|iPhoneSimulator.Deploy.0 = Release|Any CPU
		{9E310D49-2CA9-4418-A607-4E5734A209A4}.Release|x86.ActiveCfg = Release|x86
		{9E310D49-2CA9-4418-A607-4E5734A209A4}.Release|x86.Build.0 = Release|x86
		{9E310D49-2CA9-4418-A607-4E5734A209A4}.Release|x86.Deploy.0 = Release|x86
	EndGlobalSection
	GlobalSection(SolutionProperties) = preSolution
		HideSolutionNode = FALSE
	EndGlobalSection
	GlobalSection(NestedProjects) = preSolution
		{AD7A05BA-05F3-4D16-92F5-E1C4889AB20A} = {6D308D3A-F291-4720-9C14-10F851C2503F}
		{9E310D49-2CA9-4418-A607-4E5734A209A4} = {6D308D3A-F291-4720-9C14-10F851C2503F}
	EndGlobalSection
EndGlobal
